
Microsoft Visual Studio Solution File, Format Version 12.00
# Visual Studio Version 17
VisualStudioVersion = 17.5.002.0
MinimumVisualStudioVersion = 10.0.40219.1
Project("{9A19103F-16F7-4668-BE54-9A1E7A4F7556}") = "testpush", "testpush.csproj", "{DF7AF96B-C7F2-433E-BB65-557294BD62D1}"
EndProject
Global
	GlobalSection(SolutionConfigurationPlatforms) = preSolution
		Debug|Any CPU = Debug|Any CPU
		Release|Any CPU = Release|Any CPU
	EndGlobalSection
	GlobalSection(ProjectConfigurationPlatforms) = postSolution
		{DF7AF96B-C7F2-433E-BB65-557294BD62D1}.Debug|Any CPU.ActiveCfg = Debug|Any CPU
		{DF7AF96B-C7F2-433E-BB65-557294BD62D1}.Debug|Any CPU.Build.0 = Debug|Any CPU
		{DF7AF96B-C7F2-433E-BB65-557294BD62D1}.Release|Any CPU.ActiveCfg = Release|Any CPU
		{DF7AF96B-C7F2-433E-BB65-557294BD62D1}.Release|Any CPU.Build.0 = Release|Any CPU
	EndGlobalSection
	GlobalSection(SolutionProperties) = preSolution
		HideSolutionNode = FALSE
	EndGlobalSection
	GlobalSection(ExtensibilityGlobals) = postSolution
		SolutionGuid = {19FACA02-2987-4B56-A796-AC523935FABC}
	EndGlobalSection
EndGlobal
